
Microsoft Visual Studio Solution File, Format Version 12.00
# Visual Studio Version 17
VisualStudioVersion = 17.3.32825.248
MinimumVisualStudioVersion = 10.0.40219.1
Project("{9A19103F-16F7-4668-BE54-9A1E7A4F7556}") = "NoteBook", "NoteBook\NoteBook.csproj", "{49440D58-0273-4D67-ACDD-D0719AC085AF}"
EndProject
Project("{9A19103F-16F7-4668-BE54-9A1E7A4F7556}") = "NoteBook.Entity", "NoteBook.Entity\NoteBook.Entity.csproj", "{BB438DDE-C50B-417A-8E82-54078F11A773}"
EndProject
Project("{9A19103F-16F7-4668-BE54-9A1E7A4F7556}") = "NoteBook.AccessData", "NoteBook.AccessData\NoteBook.AccessData.csproj", "{77B74139-C491-4240-96B7-31432E72ECC5}"
EndProject
Project("{2150E333-8FDC-42A3-9474-1A3956D46DE8}") = "Docs", "Docs", "{09CC9A09-B299-478C-82FC-8093692A888E}"
	ProjectSection(SolutionItems) = preProject
		DbFirstString.txt = DbFirstString.txt
	EndProjectSection
EndProject
Project("{9A19103F-16F7-4668-BE54-9A1E7A4F7556}") = "NoteBook.Common.Interfaces", "NoteBook.Common.Interfaces\NoteBook.Common.Interfaces.csproj", "{76C3BD6D-74C1-4413-8B9E-F1EAEF6E14C0}"
EndProject
Project("{9A19103F-16F7-4668-BE54-9A1E7A4F7556}") = "NoteBook.BusinessLogic", "NoteBook.BusinessLogic\NoteBook.BusinessLogic.csproj", "{3C35EE0F-D1FD-4253-9A41-F8F1FDBCA9D9}"
EndProject
Project("{9A19103F-16F7-4668-BE54-9A1E7A4F7556}") = "Utilites", "Utils\Utilites.csproj", "{CCDE61D0-9211-4133-A686-80C349B07501}"
EndProject
Project("{2150E333-8FDC-42A3-9474-1A3956D46DE8}") = "Tests", "Tests", "{ECF37AFF-B1B4-4142-B707-C22469AD2507}"
EndProject
Project("{9A19103F-16F7-4668-BE54-9A1E7A4F7556}") = "EntityTests", "EntityTests\EntityTests.csproj", "{9721E6FB-CA1A-4245-8AF0-71CD470D756A}"
EndProject
Project("{9A19103F-16F7-4668-BE54-9A1E7A4F7556}") = "AuthentificationTests", "AuthentificationTests\AuthentificationTests.csproj", "{C3FE7DA5-9D7E-4BC3-8087-1BDD6DAD7B06}"
EndProject
Global
	GlobalSection(SolutionConfigurationPlatforms) = preSolution
		Debug|Any CPU = Debug|Any CPU
		Release|Any CPU = Release|Any CPU
	EndGlobalSection
	GlobalSection(ProjectConfigurationPlatforms) = postSolution
		{49440D58-0273-4D67-ACDD-D0719AC085AF}.Debug|Any CPU.ActiveCfg = Debug|Any CPU
		{49440D58-0273-4D67-ACDD-D0719AC085AF}.Debug|Any CPU.Build.0 = Debug|Any CPU
		{49440D58-0273-4D67-ACDD-D0719AC085AF}.Release|Any CPU.ActiveCfg = Release|Any CPU
		{49440D58-0273-4D67-ACDD-D0719AC085AF}.Release|Any CPU.Build.0 = Release|Any CPU
		{BB438DDE-C50B-417A-8E82-54078F11A773}.Debug|Any CPU.ActiveCfg = Debug|Any CPU
		{BB438DDE-C50B-417A-8E82-54078F11A773}.Debug|Any CPU.Build.0 = Debug|Any CPU
		{BB438DDE-C50B-417A-8E82-54078F11A773}.Release|Any CPU.ActiveCfg = Release|Any CPU
		{BB438DDE-C50B-417A-8E82-54078F11A773}.Release|Any CPU.Build.0 = Release|Any CPU
		{77B74139-C491-4240-96B7-31432E72ECC5}.Debug|Any CPU.ActiveCfg = Debug|Any CPU
		{77B74139-C491-4240-96B7-31432E72ECC5}.Debug|Any CPU.Build.0 = Debug|Any CPU
		{77B74139-C491-4240-96B7-31432E72ECC5}.Release|Any CPU.ActiveCfg = Release|Any CPU
		{77B74139-C491-4240-96B7-31432E72ECC5}.Release|Any CPU.Build.0 = Release|Any CPU
		{76C3BD6D-74C1-4413-8B9E-F1EAEF6E14C0}.Debug|Any CPU.ActiveCfg = Debug|Any CPU
		{76C3BD6D-74C1-4413-8B9E-F1EAEF6E14C0}.Debug|Any CPU.Build.0 = Debug|Any CPU
		{76C3BD6D-74C1-4413-8B9E-F1EAEF6E14C0}.Release|Any CPU.ActiveCfg = Release|Any CPU
		{76C3BD6D-74C1-4413-8B9E-F1EAEF6E14C0}.Release|Any CPU.Build.0 = Release|Any CPU
		{3C35EE0F-D1FD-4253-9A41-F8F1FDBCA9D9}.Debug|Any CPU.ActiveCfg = Debug|Any CPU
		{3C35EE0F-D1FD-4253-9A41-F8F1FDBCA9D9}.Debug|Any CPU.Build.0 = Debug|Any CPU
		{3C35EE0F-D1FD-4253-9A41-F8F1FDBCA9D9}.Release|Any CPU.ActiveCfg = Release|Any CPU
		{3C35EE0F-D1FD-4253-9A41-F8F1FDBCA9D9}.Release|Any CPU.Build.0 = Release|Any CPU
		{CCDE61D0-9211-4133-A686-80C349B07501}.Debug|Any CPU.ActiveCfg = Debug|Any CPU
		{CCDE61D0-9211-4133-A686-80C349B07501}.Debug|Any CPU.Build.0 = Debug|Any CPU
		{CCDE61D0-9211-4133-A686-80C349B07501}.Release|Any CPU.ActiveCfg = Release|Any CPU
		{CCDE61D0-9211-4133-A686-80C349B07501}.Release|Any CPU.Build.0 = Release|Any CPU
		{9721E6FB-CA1A-4245-8AF0-71CD470D756A}.Debug|Any CPU.ActiveCfg = Debug|Any CPU
		{9721E6FB-CA1A-4245-8AF0-71CD470D756A}.Debug|Any CPU.Build.0 = Debug|Any CPU
		{9721E6FB-CA1A-4245-8AF0-71CD470D756A}.Release|Any CPU.ActiveCfg = Release|Any CPU
		{9721E6FB-CA1A-4245-8AF0-71CD470D756A}.Release|Any CPU.Build.0 = Release|Any CPU
		{C3FE7DA5-9D7E-4BC3-8087-1BDD6DAD7B06}.Debug|Any CPU.ActiveCfg = Debug|Any CPU
		{C3FE7DA5-9D7E-4BC3-8087-1BDD6DAD7B06}.Debug|Any CPU.Build.0 = Debug|Any CPU
		{C3FE7DA5-9D7E-4BC3-8087-1BDD6DAD7B06}.Release|Any CPU.ActiveCfg = Release|Any CPU
		{C3FE7DA5-9D7E-4BC3-8087-1BDD6DAD7B06}.Release|Any CPU.Build.0 = Release|Any CPU
	EndGlobalSection
	GlobalSection(SolutionProperties) = preSolution
		HideSolutionNode = FALSE
	EndGlobalSection
	GlobalSection(NestedProjects) = preSolution
		{9721E6FB-CA1A-4245-8AF0-71CD470D756A} = {ECF37AFF-B1B4-4142-B707-C22469AD2507}
		{C3FE7DA5-9D7E-4BC3-8087-1BDD6DAD7B06} = {ECF37AFF-B1B4-4142-B707-C22469AD2507}
	EndGlobalSection
	GlobalSection(ExtensibilityGlobals) = postSolution
		SolutionGuid = {F5139B10-1452-4054-A640-7D9D0275F643}
	EndGlobalSection
EndGlobal
